
Microsoft Visual Studio Solution File, Format Version 12.00
# Visual Studio 15
Project("{FAE04EC0-301F-11D3-BF4B-00C04F79EFBC}") = "Assembly-CSharp", "Assembly-CSharp.csproj", "{A96AD36C-9D1F-463B-4694-B6EAFC0C8D39}"
EndProject
Project("{FAE04EC0-301F-11D3-BF4B-00C04F79EFBC}") = "Assembly-CSharp-firstpass", "Assembly-CSharp-firstpass.csproj", "{86C0E32B-4789-3947-021A-E724970A9DDA}"
EndProject
Global
	GlobalSection(SolutionConfigurationPlatforms) = preSolution
		Debug|Any CPU = Debug|Any CPU
		Release|Any CPU = Release|Any CPU
	EndGlobalSection
	GlobalSection(ProjectConfigurationPlatforms) = postSolution
		{A96AD36C-9D1F-463B-4694-B6EAFC0C8D39}.Debug|Any CPU.ActiveCfg = Debug|Any CPU
		{A96AD36C-9D1F-463B-4694-B6EAFC0C8D39}.Debug|Any CPU.Build.0 = Debug|Any CPU
		{A96AD36C-9D1F-463B-4694-B6EAFC0C8D39}.Release|Any CPU.ActiveCfg = Release|Any CPU
		{A96AD36C-9D1F-463B-4694-B6EAFC0C8D39}.Release|Any CPU.Build.0 = Release|Any CPU
		{86C0E32B-4789-3947-021A-E724970A9DDA}.Debug|Any CPU.ActiveCfg = Debug|Any CPU
		{86C0E32B-4789-3947-021A-E724970A9DDA}.Debug|Any CPU.Build.0 = Debug|Any CPU
		{86C0E32B-4789-3947-021A-E724970A9DDA}.Release|Any CPU.ActiveCfg = Release|Any CPU
		{86C0E32B-4789-3947-021A-E724970A9DDA}.Release|Any CPU.Build.0 = Release|Any CPU
	EndGlobalSection
	GlobalSection(SolutionProperties) = preSolution
		HideSolutionNode = FALSE
	EndGlobalSection
EndGlobal
